{
    "name": "competitive-math-toolkit",
    "version": "1.0.0",
    "lockfileVersion": 3,
    "requires": true,
    "packages": {
        "": {
            "name": "competitive-math-toolkit",
            "version": "1.0.0",
            "license": "MIT",
            "dependencies": {
                "competitive-math-toolkit": "^1.0.0"
            }
        },
        "node_modules/competitive-math-toolkit": {
            "version": "1.0.0",
            "resolved": "https://registry.npmjs.org/competitive-math-toolkit/-/competitive-math-toolkit-1.0.0.tgz",
            "integrity": "sha512-oAT0jIEcHfyx5qcshkz1UuWGmfV9Nf58bksShGzFeq92PvepF3Hq5Yt3clCZFGZjHIzvwKPSIvCBk3q0p7uXEQ==",
            "license": "MIT"
        }
    }
}
