{
  "name": "tests",
  "lockfileVersion": 3,
  "requires": true,
  "packages": {
    "": {
      "dependencies": {
        "competitive-math-toolkit": "^1.0.3"
      }
    },
    "node_modules/competitive-math-toolkit": {
      "version": "1.0.3",
      "resolved": "https://registry.npmjs.org/competitive-math-toolkit/-/competitive-math-toolkit-1.0.3.tgz",
      "integrity": "sha512-/OoVt0hF+ikGDx07JQKLg8Vi97C5bKOha8KIh1bLwi0qC8WwqX1CcvkAlbh7lTg7oOH0HwE2QOEK1ZYt9Dmz6Q==",
      "license": "MIT",
      "dependencies": {
        "competitive-math-toolkit": "^1.0.2"
      }
    }
  }
}
